
Microsoft Visual Studio Solution File, Format Version 12.00
# Visual Studio Version 16
VisualStudioVersion = 16.0.30626.31
MinimumVisualStudioVersion = 10.0.40219.1
Project("{FAE04EC0-301F-11D3-BF4B-00C04F79EFBC}") = "ExchangeAsp", "ExchangeAsp\ExchangeAsp.csproj", "{F8C00466-BE6D-4D89-813A-980D9C30C01C}"
EndProject
Global
	GlobalSection(SolutionConfigurationPlatforms) = preSolution
		Debug|Any CPU = Debug|Any CPU
		Release|Any CPU = Release|Any CPU
	EndGlobalSection
	GlobalSection(ProjectConfigurationPlatforms) = postSolution
		{F8C00466-BE6D-4D89-813A-980D9C30C01C}.Debug|Any CPU.ActiveCfg = Debug|Any CPU
		{F8C00466-BE6D-4D89-813A-980D9C30C01C}.Debug|Any CPU.Build.0 = Debug|Any CPU
		{F8C00466-BE6D-4D89-813A-980D9C30C01C}.Release|Any CPU.ActiveCfg = Release|Any CPU
		{F8C00466-BE6D-4D89-813A-980D9C30C01C}.Release|Any CPU.Build.0 = Release|Any CPU
	EndGlobalSection
	GlobalSection(SolutionProperties) = preSolution
		HideSolutionNode = FALSE
	EndGlobalSection
	GlobalSection(ExtensibilityGlobals) = postSolution
		SolutionGuid = {3194DB2D-DCAE-41AF-823F-69E7E88072FD}
	EndGlobalSection
EndGlobal
